{
  "nodes": {
    "flake-utils": {
      "inputs": {
        "systems": "systems"
      },
      "locked": {
        "lastModified": 1701680307,
        "narHash": "sha256-kAuep2h5ajznlPMD9rnQyffWG8EM/C73lejGofXvdM8=",
        "owner": "numtide",
        "repo": "flake-utils",
        "rev": "4022d587cbbfd70fe950c1e2083a02621806a725",
        "type": "github"
      },
      "original": {
        "owner": "numtide",
        "repo": "flake-utils",
        "type": "github"
      }
    },
    "nixpkgs": {
      "locked": {
        "lastModified": 1702860116,
        "narHash": "sha256-MlyohjWhsIeZH/O/UKascYuPGwK5iY2Psl34mAfBT7Q=",
        "owner": "NixOS",
        "repo": "nixpkgs",
        "rev": "fc4982249c7df566a852048cf9a0d4eb7b258d37",
        "type": "github"
      },
      "original": {
        "id": "nixpkgs",
        "ref": "release-23.11",
        "type": "indirect"
      }
    },
    "nixpkgs-node": {
      "locked": {
        "lastModified": 1634763423,
        "narHash": "sha256-4vvyW8+iXLuOr50KeE9WR/YlODvHal6n9a2sDOlh7dI=",
        "owner": "NixOS",
        "repo": "nixpkgs",
        "rev": "407f8825b321617a38b86a4d9be11fd76d513da2",
        "type": "github"
      },
      "original": {
        "owner": "NixOS",
        "repo": "nixpkgs",
        "rev": "407f8825b321617a38b86a4d9be11fd76d513da2",
        "type": "github"
      }
    },
    "root": {
      "inputs": {
        "flake-utils": "flake-utils",
        "nixpkgs": "nixpkgs",
        "nixpkgs-node": "nixpkgs-node"
      }
    },
    "systems": {
      "locked": {
        "lastModified": 1681028828,
        "narHash": "sha256-Vy1rq5AaRuLzOxct8nz4T6wlgyUR7zLU309k9mBC768=",
        "owner": "nix-systems",
        "repo": "default",
        "rev": "da67096a3b9bf56a91d16901293e51ba5b49a27e",
        "type": "github"
      },
      "original": {
        "owner": "nix-systems",
        "repo": "default",
        "type": "github"
      }
    }
  },
  "root": "root",
  "version": 7
}
